<?xml version="1.0" encoding="utf-8"?>
<Project ToolsVersion="4.0" xmlns="http://schemas.microsoft.com/developer/msbuild/2003">
  <ItemGroup>
    <Filter Include="Fichiers sources">
      <UniqueIdentifier>{4FC737F1-C7A5-4376-A066-2A32D752A2FF}</UniqueIdentifier>
      <Extensions>cpp;c;cc;cxx;c++;cppm;ixx;def;odl;idl;hpj;bat;asm;asmx</Extensions>
    </Filter>
    <Filter Include="Fichiers d%27en-tête">
      <UniqueIdentifier>{93995380-89BD-4b04-88EB-625FBE52EBFB}</UniqueIdentifier>
      <Extensions>h;hh;hpp;hxx;h++;hm;inl;inc;ipp;xsd</Extensions>
    </Filter>
    <Filter Include="Fichiers de ressources">
      <UniqueIdentifier>{67DA6AB6-F800-4c08-8B7A-83BB121AAD01}</UniqueIdentifier>
      <Extensions>rc;ico;cur;bmp;dlg;rc2;rct;bin;rgs;gif;jpg;jpeg;jpe;resx;tiff;tif;png;wav;mfcribbon-ms</Extensions>
    </Filter>
    <Filter Include="Fichiers sources\ue4">
      <UniqueIdentifier>{3db153e1-14e6-42f8-9347-6fb937e439c9}</UniqueIdentifier>
    </Filter>
    <Filter Include="Fichiers sources\imgui">
      <UniqueIdentifier>{b5645e43-786b-4289-919c-a96155966355}</UniqueIdentifier>
    </Filter>
    <Filter Include="Fichiers d%27en-tête\hooklib">
      <UniqueIdentifier>{68c0605a-96ec-44bd-96f1-cd68d1a2a575}</UniqueIdentifier>
    </Filter>
    <Filter Include="Fichiers d%27en-tête\imgui">
      <UniqueIdentifier>{79f88da8-3990-47cf-9479-ded93053eba4}</UniqueIdentifier>
    </Filter>
    <Filter Include="Fichiers d%27en-tête\ue4">
      <UniqueIdentifier>{d7511e38-c6dd-4c6f-a2c7-ce8554c9239d}</UniqueIdentifier>
    </Filter>
  </ItemGroup>
  <ItemGroup>
    <ClCompile Include="include\imgui\imgui.cpp">
      <Filter>Fichiers sources\imgui</Filter>
    </ClCompile>
    <ClCompile Include="include\imgui\imgui_demo.cpp">
      <Filter>Fichiers sources\imgui</Filter>
    </ClCompile>
    <ClCompile Include="include\imgui\imgui_draw.cpp">
      <Filter>Fichiers sources\imgui</Filter>
    </ClCompile>
    <ClCompile Include="include\imgui\imgui_impl_dx11.cpp">
      <Filter>Fichiers sources\imgui</Filter>
    </ClCompile>
    <ClCompile Include="include\imgui\imgui_impl_win32.cpp">
      <Filter>Fichiers sources\imgui</Filter>
    </ClCompile>
    <ClCompile Include="include\imgui\imgui_tables.cpp">
      <Filter>Fichiers sources\imgui</Filter>
    </ClCompile>
    <ClCompile Include="include\imgui\imgui_widgets.cpp">
      <Filter>Fichiers sources\imgui</Filter>
    </ClCompile>
    <ClCompile Include="include\ue4\Transform.cpp">
      <Filter>Fichiers sources\ue4</Filter>
    </ClCompile>
    <ClCompile Include="include\ue4\UE4.cpp">
      <Filter>Fichiers sources\ue4</Filter>
    </ClCompile>
    <ClCompile Include="src\main.cpp">
      <Filter>Fichiers sources</Filter>
    </ClCompile>
    <ClCompile Include="src\gui.cpp">
      <Filter>Fichiers sources</Filter>
    </ClCompile>
  </ItemGroup>
  <ItemGroup>
    <ClInclude Include="include\imgui\imconfig.h">
      <Filter>Fichiers d%27en-tête\imgui</Filter>
    </ClInclude>
    <ClInclude Include="include\imgui\imgui.h">
      <Filter>Fichiers d%27en-tête\imgui</Filter>
    </ClInclude>
    <ClInclude Include="include\imgui\imgui_impl_dx11.h">
      <Filter>Fichiers d%27en-tête\imgui</Filter>
    </ClInclude>
    <ClInclude Include="include\imgui\imgui_impl_win32.h">
      <Filter>Fichiers d%27en-tête\imgui</Filter>
    </ClInclude>
    <ClInclude Include="include\imgui\imgui_internal.h">
      <Filter>Fichiers d%27en-tête\imgui</Filter>
    </ClInclude>
    <ClInclude Include="include\imgui\imstb_rectpack.h">
      <Filter>Fichiers d%27en-tête\imgui</Filter>
    </ClInclude>
    <ClInclude Include="include\imgui\imstb_textedit.h">
      <Filter>Fichiers d%27en-tête\imgui</Filter>
    </ClInclude>
    <ClInclude Include="include\imgui\imstb_truetype.h">
      <Filter>Fichiers d%27en-tête\imgui</Filter>
    </ClInclude>
    <ClInclude Include="include\ue4\Array.h">
      <Filter>Fichiers d%27en-tête\ue4</Filter>
    </ClInclude>
    <ClInclude Include="include\ue4\Color.h">
      <Filter>Fichiers d%27en-tête\ue4</Filter>
    </ClInclude>
    <ClInclude Include="include\ue4\Math.h">
      <Filter>Fichiers d%27en-tête\ue4</Filter>
    </ClInclude>
    <ClInclude Include="include\ue4\Matrix.h">
      <Filter>Fichiers d%27en-tête\ue4</Filter>
    </ClInclude>
    <ClInclude Include="include\ue4\Quat.h">
      <Filter>Fichiers d%27en-tête\ue4</Filter>
    </ClInclude>
    <ClInclude Include="include\ue4\Rotator.h">
      <Filter>Fichiers d%27en-tête\ue4</Filter>
    </ClInclude>
    <ClInclude Include="include\ue4\Transform.h">
      <Filter>Fichiers d%27en-tête\ue4</Filter>
    </ClInclude>
    <ClInclude Include="include\ue4\UE4.h">
      <Filter>Fichiers d%27en-tête\ue4</Filter>
    </ClInclude>
    <ClInclude Include="include\ue4\Vector.h">
      <Filter>Fichiers d%27en-tête\ue4</Filter>
    </ClInclude>
    <ClInclude Include="include\ue4\Vector2D.h">
      <Filter>Fichiers d%27en-tête\ue4</Filter>
    </ClInclude>
    <ClInclude Include="include\ue4\Vector4.h">
      <Filter>Fichiers d%27en-tête\ue4</Filter>
    </ClInclude>
    <ClInclude Include="include\hooklib\HookLib.h">
      <Filter>Fichiers d%27en-tête\hooklib</Filter>
    </ClInclude>
    <ClInclude Include="src\main.h">
      <Filter>Fichiers d%27en-tête</Filter>
    </ClInclude>
    <ClInclude Include="src\gui.h">
      <Filter>Fichiers d%27en-tête</Filter>
    </ClInclude>
  </ItemGroup>
  <ItemGroup>
    <Library Include="lib\HookLib.lib">
      <Filter>Fichiers de ressources</Filter>
    </Library>
    <Library Include="lib\Zydis.lib">
      <Filter>Fichiers de ressources</Filter>
    </Library>
  </ItemGroup>
</Project>